// !$*UTF8*$!
{
	archiveVersion = 1;
	classes = {
	};
	objectVersion = 50;
	objects = {

/* Begin PBXBuildFile section */
		D3E2718925EA54DF006D530E /* AppDelegate.swift in Sources */ = {isa = PBXBuildFile; fileRef = D3E2718825EA54DF006D530E /* AppDelegate.swift */; };
		D3E2718B25EA54DF006D530E /* SceneDelegate.swift in Sources */ = {isa = PBXBuildFile; fileRef = D3E2718A25EA54DF006D530E /* SceneDelegate.swift */; };
		D3E2718D25EA54DF006D530E /* ViewController.swift in Sources */ = {isa = PBXBuildFile; fileRef = D3E2718C25EA54DF006D530E /* ViewController.swift */; };
		D3E2719025EA54DF006D530E /* Main.storyboard in Resources */ = {isa = PBXBuildFile; fileRef = D3E2718E25EA54DF006D530E /* Main.storyboard */; };
		D3E2719225EA54E0006D530E /* Assets.xcassets in Resources */ = {isa = PBXBuildFile; fileRef = D3E2719125EA54E0006D530E /* Assets.xcassets */; };
		D3E2719525EA54E0006D530E /* LaunchScreen.storyboard in Resources */ = {isa = PBXBuildFile; fileRef = D3E2719325EA54E0006D530E /* LaunchScreen.storyboard */; };
		D3E2719E25EA5659006D530E /* TableViewWithDynamicFooter.swift in Sources */ = {isa = PBXBuildFile; fileRef = D3E2719D25EA5659006D530E /* TableViewWithDynamicFooter.swift */; };
		D3E271A225EA56CB006D530E /* DemoFooter.swift in Sources */ = {isa = PBXBuildFile; fileRef = D3E271A125EA56CB006D530E /* DemoFooter.swift */; };
/* End PBXBuildFile section */

/* Begin PBXFileReference section */
		D3E2718525EA54DF006D530E /* DynamicFooterUsageDemo.app */ = {isa = PBXFileReference; explicitFileType = wrapper.application; includeInIndex = 0; path = DynamicFooterUsageDemo.app; sourceTree = BUILT_PRODUCTS_DIR; };
		D3E2718825EA54DF006D530E /* AppDelegate.swift */ = {isa = PBXFileReference; lastKnownFileType = sourcecode.swift; path = AppDelegate.swift; sourceTree = "<group>"; };
		D3E2718A25EA54DF006D530E /* SceneDelegate.swift */ = {isa = PBXFileReference; lastKnownFileType = sourcecode.swift; path = SceneDelegate.swift; sourceTree = "<group>"; };
		D3E2718C25EA54DF006D530E /* ViewController.swift */ = {isa = PBXFileReference; lastKnownFileType = sourcecode.swift; path = ViewController.swift; sourceTree = "<group>"; };
		D3E2718F25EA54DF006D530E /* Base */ = {isa = PBXFileReference; lastKnownFileType = file.storyboard; name = Base; path = Base.lproj/Main.storyboard; sourceTree = "<group>"; };
		D3E2719125EA54E0006D530E /* Assets.xcassets */ = {isa = PBXFileReference; lastKnownFileType = folder.assetcatalog; path = Assets.xcassets; sourceTree = "<group>"; };
		D3E2719425EA54E0006D530E /* Base */ = {isa = PBXFileReference; lastKnownFileType = file.storyboard; name = Base; path = Base.lproj/LaunchScreen.storyboard; sourceTree = "<group>"; };
		D3E2719625EA54E0006D530E /* Info.plist */ = {isa = PBXFileReference; lastKnownFileType = text.plist.xml; path = Info.plist; sourceTree = "<group>"; };
		D3E2719D25EA5659006D530E /* TableViewWithDynamicFooter.swift */ = {isa = PBXFileReference; lastKnownFileType = sourcecode.swift; path = TableViewWithDynamicFooter.swift; sourceTree = "<group>"; };
		D3E271A125EA56CB006D530E /* DemoFooter.swift */ = {isa = PBXFileReference; lastKnownFileType = sourcecode.swift; path = DemoFooter.swift; sourceTree = "<group>"; };
/* End PBXFileReference section */

/* Begin PBXFrameworksBuildPhase section */
		D3E2718225EA54DF006D530E /* Frameworks */ = {
			isa = PBXFrameworksBuildPhase;
			buildActionMask = 2147483647;
			files = (
			);
			runOnlyForDeploymentPostprocessing = 0;
		};
/* End PBXFrameworksBuildPhase section */

/* Begin PBXGroup section */
		D3E2717C25EA54DF006D530E = {
			isa = PBXGroup;
			children = (
				D3E2718725EA54DF006D530E /* DynamicFooterUsageDemo */,
				D3E2718625EA54DF006D530E /* Products */,
			);
			sourceTree = "<group>";
		};
		D3E2718625EA54DF006D530E /* Products */ = {
			isa = PBXGroup;
			children = (
				D3E2718525EA54DF006D530E /* DynamicFooterUsageDemo.app */,
			);
			name = Products;
			sourceTree = "<group>";
		};
		D3E2718725EA54DF006D530E /* DynamicFooterUsageDemo */ = {
			isa = PBXGroup;
			children = (
				D3E271A025EA56A4006D530E /* TableView */,
				D3E2718825EA54DF006D530E /* AppDelegate.swift */,
				D3E2718A25EA54DF006D530E /* SceneDelegate.swift */,
				D3E2718C25EA54DF006D530E /* ViewController.swift */,
				D3E2718E25EA54DF006D530E /* Main.storyboard */,
				D3E2719125EA54E0006D530E /* Assets.xcassets */,
				D3E2719325EA54E0006D530E /* LaunchScreen.storyboard */,
				D3E2719625EA54E0006D530E /* Info.plist */,
			);
			path = DynamicFooterUsageDemo;
			sourceTree = "<group>";
		};
		D3E271A025EA56A4006D530E /* TableView */ = {
			isa = PBXGroup;
			children = (
				D3E2719D25EA5659006D530E /* TableViewWithDynamicFooter.swift */,
				D3E271A125EA56CB006D530E /* DemoFooter.swift */,
			);
			path = TableView;
			sourceTree = "<group>";
		};
/* End PBXGroup section */

/* Begin PBXNativeTarget section */
		D3E2718425EA54DF006D530E /* DynamicFooterUsageDemo */ = {
			isa = PBXNativeTarget;
			buildConfigurationList = D3E2719925EA54E0006D530E /* Build configuration list for PBXNativeTarget "DynamicFooterUsageDemo" */;
			buildPhases = (
				D3E2718125EA54DF006D530E /* Sources */,
				D3E2718225EA54DF006D530E /* Frameworks */,
				D3E2718325EA54DF006D530E /* Resources */,
			);
			buildRules = (
			);
			dependencies = (
			);
			name = DynamicFooterUsageDemo;
			productName = DynamicHeaderUsageDemo;
			productReference = D3E2718525EA54DF006D530E /* DynamicFooterUsageDemo.app */;
			productType = "com.apple.product-type.application";
		};
/* End PBXNativeTarget section */

/* Begin PBXProject section */
		D3E2717D25EA54DF006D530E /* Project object */ = {
			isa = PBXProject;
			attributes = {
				LastSwiftUpdateCheck = 1240;
				LastUpgradeCheck = 1240;
				TargetAttributes = {
					D3E2718425EA54DF006D530E = {
						CreatedOnToolsVersion = 12.4;
					};
				};
			};
			buildConfigurationList = D3E2718025EA54DF006D530E /* Build configuration list for PBXProject "DynamicFooterUsageDemo" */;
			compatibilityVersion = "Xcode 9.3";
			developmentRegion = en;
			hasScannedForEncodings = 0;
			knownRegions = (
				en,
				Base,
			);
			mainGroup = D3E2717C25EA54DF006D530E;
			productRefGroup = D3E2718625EA54DF006D530E /* Products */;
			projectDirPath = "";
			projectRoot = "";
			targets = (
				D3E2718425EA54DF006D530E /* DynamicFooterUsageDemo */,
			);
		};
/* End PBXProject section */

/* Begin PBXResourcesBuildPhase section */
		D3E2718325EA54DF006D530E /* Resources */ = {
			isa = PBXResourcesBuildPhase;
			buildActionMask = 2147483647;
			files = (
				D3E2719525EA54E0006D530E /* LaunchScreen.storyboard in Resources */,
				D3E2719225EA54E0006D530E /* Assets.xcassets in Resources */,
				D3E2719025EA54DF006D530E /* Main.storyboard in Resources */,
			);
			runOnlyForDeploymentPostprocessing = 0;
		};
/* End PBXResourcesBuildPhase section */

/* Begin PBXSourcesBuildPhase section */
		D3E2718125EA54DF006D530E /* Sources */ = {
			isa = PBXSourcesBuildPhase;
			buildActionMask = 2147483647;
			files = (
				D3E2719E25EA5659006D530E /* TableViewWithDynamicFooter.swift in Sources */,
				D3E2718D25EA54DF006D530E /* ViewController.swift in Sources */,
				D3E271A225EA56CB006D530E /* DemoFooter.swift in Sources */,
				D3E2718925EA54DF006D530E /* AppDelegate.swift in Sources */,
				D3E2718B25EA54DF006D530E /* SceneDelegate.swift in Sources */,
			);
			runOnlyForDeploymentPostprocessing = 0;
		};
/* End PBXSourcesBuildPhase section */

/* Begin PBXVariantGroup section */
		D3E2718E25EA54DF006D530E /* Main.storyboard */ = {
			isa = PBXVariantGroup;
			children = (
				D3E2718F25EA54DF006D530E /* Base */,
			);
			name = Main.storyboard;
			sourceTree = "<group>";
		};
		D3E2719325EA54E0006D530E /* LaunchScreen.storyboard */ = {
			isa = PBXVariantGroup;
			children = (
				D3E2719425EA54E0006D530E /* Base */,
			);
			name = LaunchScreen.storyboard;
			sourceTree = "<group>";
		};
/* End PBXVariantGroup section */

/* Begin XCBuildConfiguration section */
		D3E2719725EA54E0006D530E /* Debug */ = {
			isa = XCBuildConfiguration;
			buildSettings = {
				ALWAYS_SEARCH_USER_PATHS = NO;
				CLANG_ANALYZER_NONNULL = YES;
				CLANG_ANALYZER_NUMBER_OBJECT_CONVERSION = YES_AGGRESSIVE;
				CLANG_CXX_LANGUAGE_STANDARD = "gnu++14";
				CLANG_CXX_LIBRARY = "libc++";
				CLANG_ENABLE_MODULES = YES;
				CLANG_ENABLE_OBJC_ARC = YES;
				CLANG_ENABLE_OBJC_WEAK = YES;
				CLANG_WARN_BLOCK_CAPTURE_AUTORELEASING = YES;
				CLANG_WARN_BOOL_CONVERSION = YES;
				CLANG_WARN_COMMA = YES;
				CLANG_WARN_CONSTANT_CONVERSION = YES;
				CLANG_WARN_DEPRECATED_OBJC_IMPLEMENTATIONS = YES;
				CLANG_WARN_DIRECT_OBJC_ISA_USAGE = YES_ERROR;
				CLANG_WARN_DOCUMENTATION_COMMENTS = YES;
				CLANG_WARN_EMPTY_BODY = YES;
				CLANG_WARN_ENUM_CONVERSION = YES;
				CLANG_WARN_INFINITE_RECURSION = YES;
				CLANG_WARN_INT_CONVERSION = YES;
				CLANG_WARN_NON_LITERAL_NULL_CONVERSION = YES;
				CLANG_WARN_OBJC_IMPLICIT_RETAIN_SELF = YES;
				CLANG_WARN_OBJC_LITERAL_CONVERSION = YES;
				CLANG_WARN_OBJC_ROOT_CLASS = YES_ERROR;
				CLANG_WARN_QUOTED_INCLUDE_IN_FRAMEWORK_HEADER = YES;
				CLANG_WARN_RANGE_LOOP_ANALYSIS = YES;
				CLANG_WARN_STRICT_PROTOTYPES = YES;
				CLANG_WARN_SUSPICIOUS_MOVE = YES;
				CLANG_WARN_UNGUARDED_AVAILABILITY = YES_AGGRESSIVE;
				CLANG_WARN_UNREACHABLE_CODE = YES;
				CLANG_WARN__DUPLICATE_METHOD_MATCH = YES;
				COPY_PHASE_STRIP = NO;
				DEBUG_INFORMATION_FORMAT = dwarf;
				ENABLE_STRICT_OBJC_MSGSEND = YES;
				ENABLE_TESTABILITY = YES;
				GCC_C_LANGUAGE_STANDARD = gnu11;
				GCC_DYNAMIC_NO_PIC = NO;
				GCC_NO_COMMON_BLOCKS = YES;
				GCC_OPTIMIZATION_LEVEL = 0;
				GCC_PREPROCESSOR_DEFINITIONS = (
					"DEBUG=1",
					"$(inherited)",
				);
				GCC_WARN_64_TO_32_BIT_CONVERSION = YES;
				GCC_WARN_ABOUT_RETURN_TYPE = YES_ERROR;
				GCC_WARN_UNDECLARED_SELECTOR = YES;
				GCC_WARN_UNINITIALIZED_AUTOS = YES_AGGRESSIVE;
				GCC_WARN_UNUSED_FUNCTION = YES;
				GCC_WARN_UNUSED_VARIABLE = YES;
				IPHONEOS_DEPLOYMENT_TARGET = 13.0;
				MTL_ENABLE_DEBUG_INFO = INCLUDE_SOURCE;
				MTL_FAST_MATH = YES;
				ONLY_ACTIVE_ARCH = YES;
				SDKROOT = iphoneos;
				SWIFT_ACTIVE_COMPILATION_CONDITIONS = DEBUG;
				SWIFT_OPTIMIZATION_LEVEL = "-Onone";
			};
			name = Debug;
		};
		D3E2719825EA54E0006D530E /* Release */ = {
			isa = XCBuildConfiguration;
			buildSettings = {
				ALWAYS_SEARCH_USER_PATHS = NO;
				CLANG_ANALYZER_NONNULL = YES;
				CLANG_ANALYZER_NUMBER_OBJECT_CONVERSION = YES_AGGRESSIVE;
				CLANG_CXX_LANGUAGE_STANDARD = "gnu++14";
				CLANG_CXX_LIBRARY = "libc++";
				CLANG_ENABLE_MODULES = YES;
				CLANG_ENABLE_OBJC_ARC = YES;
				CLANG_ENABLE_OBJC_WEAK = YES;
				CLANG_WARN_BLOCK_CAPTURE_AUTORELEASING = YES;
				CLANG_WARN_BOOL_CONVERSION = YES;
				CLANG_WARN_COMMA = YES;
				CLANG_WARN_CONSTANT_CONVERSION = YES;
				CLANG_WARN_DEPRECATED_OBJC_IMPLEMENTATIONS = YES;
				CLANG_WARN_DIRECT_OBJC_ISA_USAGE = YES_ERROR;
				CLANG_WARN_DOCUMENTATION_COMMENTS = YES;
				CLANG_WARN_EMPTY_BODY = YES;
				CLANG_WARN_ENUM_CONVERSION = YES;
				CLANG_WARN_INFINITE_RECURSION = YES;
				CLANG_WARN_INT_CONVERSION = YES;
				CLANG_WARN_NON_LITERAL_NULL_CONVERSION = YES;
				CLANG_WARN_OBJC_IMPLICIT_RETAIN_SELF = YES;
				CLANG_WARN_OBJC_LITERAL_CONVERSION = YES;
				CLANG_WARN_OBJC_ROOT_CLASS = YES_ERROR;
				CLANG_WARN_QUOTED_INCLUDE_IN_FRAMEWORK_HEADER = YES;
				CLANG_WARN_RANGE_LOOP_ANALYSIS = YES;
				CLANG_WARN_STRICT_PROTOTYPES = YES;
				CLANG_WARN_SUSPICIOUS_MOVE = YES;
				CLANG_WARN_UNGUARDED_AVAILABILITY = YES_AGGRESSIVE;
				CLANG_WARN_UNREACHABLE_CODE = YES;
				CLANG_WARN__DUPLICATE_METHOD_MATCH = YES;
				COPY_PHASE_STRIP = NO;
				DEBUG_INFORMATION_FORMAT = "dwarf-with-dsym";
				ENABLE_NS_ASSERTIONS = NO;
				ENABLE_STRICT_OBJC_MSGSEND = YES;
				GCC_C_LANGUAGE_STANDARD = gnu11;
				GCC_NO_COMMON_BLOCKS = YES;
				GCC_WARN_64_TO_32_BIT_CONVERSION = YES;
				GCC_WARN_ABOUT_RETURN_TYPE = YES_ERROR;
				GCC_WARN_UNDECLARED_SELECTOR = YES;
				GCC_WARN_UNINITIALIZED_AUTOS = YES_AGGRESSIVE;
				GCC_WARN_UNUSED_FUNCTION = YES;
				GCC_WARN_UNUSED_VARIABLE = YES;
				IPHONEOS_DEPLOYMENT_TARGET = 13.0;
				MTL_ENABLE_DEBUG_INFO = NO;
				MTL_FAST_MATH = YES;
				SDKROOT = iphoneos;
				SWIFT_COMPILATION_MODE = wholemodule;
				SWIFT_OPTIMIZATION_LEVEL = "-O";
				VALIDATE_PRODUCT = YES;
			};
			name = Release;
		};
		D3E2719A25EA54E0006D530E /* Debug */ = {
			isa = XCBuildConfiguration;
			buildSettings = {
				ASSETCATALOG_COMPILER_APPICON_NAME = AppIcon;
				ASSETCATALOG_COMPILER_GLOBAL_ACCENT_COLOR_NAME = AccentColor;
				CODE_SIGN_STYLE = Automatic;
				INFOPLIST_FILE = DynamicFooterUsageDemo/Info.plist;
				LD_RUNPATH_SEARCH_PATHS = (
					"$(inherited)",
					"@executable_path/Frameworks",
				);
				PRODUCT_BUNDLE_IDENTIFIER = checkingApp.ruz.com.DynamicFooterUsageDemo;
				PRODUCT_NAME = "$(TARGET_NAME)";
				SWIFT_VERSION = 5.0;
				TARGETED_DEVICE_FAMILY = "1,2";
			};
			name = Debug;
		};
		D3E2719B25EA54E0006D530E /* Release */ = {
			isa = XCBuildConfiguration;
			buildSettings = {
				ASSETCATALOG_COMPILER_APPICON_NAME = AppIcon;
				ASSETCATALOG_COMPILER_GLOBAL_ACCENT_COLOR_NAME = AccentColor;
				CODE_SIGN_STYLE = Automatic;
				INFOPLIST_FILE = DynamicFooterUsageDemo/Info.plist;
				LD_RUNPATH_SEARCH_PATHS = (
					"$(inherited)",
					"@executable_path/Frameworks",
				);
				PRODUCT_BUNDLE_IDENTIFIER = checkingApp.ruz.com.DynamicFooterUsageDemo;
				PRODUCT_NAME = "$(TARGET_NAME)";
				SWIFT_VERSION = 5.0;
				TARGETED_DEVICE_FAMILY = "1,2";
			};
			name = Release;
		};
/* End XCBuildConfiguration section */

/* Begin XCConfigurationList section */
		D3E2718025EA54DF006D530E /* Build configuration list for PBXProject "DynamicFooterUsageDemo" */ = {
			isa = XCConfigurationList;
			buildConfigurations = (
				D3E2719725EA54E0006D530E /* Debug */,
				D3E2719825EA54E0006D530E /* Release */,
			);
			defaultConfigurationIsVisible = 0;
			defaultConfigurationName = Release;
		};
		D3E2719925EA54E0006D530E /* Build configuration list for PBXNativeTarget "DynamicFooterUsageDemo" */ = {
			isa = XCConfigurationList;
			buildConfigurations = (
				D3E2719A25EA54E0006D530E /* Debug */,
				D3E2719B25EA54E0006D530E /* Release */,
			);
			defaultConfigurationIsVisible = 0;
			defaultConfigurationName = Release;
		};
/* End XCConfigurationList section */
	};
	rootObject = D3E2717D25EA54DF006D530E /* Project object */;
}
